// !$*UTF8*$!
{
	archiveVersion = 1;
	classes = {
	};
	objectVersion = 46;
	objects = {

/* Begin PBXBuildFile section */
		E131429A1D801B3200C639A8 /* AppDelegate.swift in Sources */ = {isa = PBXBuildFile; fileRef = E13142991D801B3200C639A8 /* AppDelegate.swift */; };
		E131429C1D801B3200C639A8 /* ViewController.swift in Sources */ = {isa = PBXBuildFile; fileRef = E131429B1D801B3200C639A8 /* ViewController.swift */; };
		E131429F1D801B3200C639A8 /* Main.storyboard in Resources */ = {isa = PBXBuildFile; fileRef = E131429D1D801B3200C639A8 /* Main.storyboard */; };
		E13142A11D801B3200C639A8 /* Assets.xcassets in Resources */ = {isa = PBXBuildFile; fileRef = E13142A01D801B3200C639A8 /* Assets.xcassets */; };
		E13142A41D801B3200C639A8 /* LaunchScreen.storyboard in Resources */ = {isa = PBXBuildFile; fileRef = E13142A21D801B3200C639A8 /* LaunchScreen.storyboard */; };
		E13142AF1D801B3200C639A8 /* Cuelogic_AssignmentTests.swift in Sources */ = {isa = PBXBuildFile; fileRef = E13142AE1D801B3200C639A8 /* Cuelogic_AssignmentTests.swift */; };
		E13142BA1D801B3200C639A8 /* Cuelogic_AssignmentUITests.swift in Sources */ = {isa = PBXBuildFile; fileRef = E13142B91D801B3200C639A8 /* Cuelogic_AssignmentUITests.swift */; };
/* End PBXBuildFile section */

/* Begin PBXContainerItemProxy section */
		E13142AB1D801B3200C639A8 /* PBXContainerItemProxy */ = {
			isa = PBXContainerItemProxy;
			containerPortal = E131428E1D801B3200C639A8 /* Project object */;
			proxyType = 1;
			remoteGlobalIDString = E13142951D801B3200C639A8;
			remoteInfo = "Cuelogic-Assignment";
		};
		E13142B61D801B3200C639A8 /* PBXContainerItemProxy */ = {
			isa = PBXContainerItemProxy;
			containerPortal = E131428E1D801B3200C639A8 /* Project object */;
			proxyType = 1;
			remoteGlobalIDString = E13142951D801B3200C639A8;
			remoteInfo = "Cuelogic-Assignment";
		};
/* End PBXContainerItemProxy section */

/* Begin PBXFileReference section */
		E13142961D801B3200C639A8 /* Cuelogic-Assignment.app */ = {isa = PBXFileReference; explicitFileType = wrapper.application; includeInIndex = 0; path = "Cuelogic-Assignment.app"; sourceTree = BUILT_PRODUCTS_DIR; };
		E13142991D801B3200C639A8 /* AppDelegate.swift */ = {isa = PBXFileReference; lastKnownFileType = sourcecode.swift; path = AppDelegate.swift; sourceTree = "<group>"; };
		E131429B1D801B3200C639A8 /* ViewController.swift */ = {isa = PBXFileReference; lastKnownFileType = sourcecode.swift; path = ViewController.swift; sourceTree = "<group>"; };
		E131429E1D801B3200C639A8 /* Base */ = {isa = PBXFileReference; lastKnownFileType = file.storyboard; name = Base; path = Base.lproj/Main.storyboard; sourceTree = "<group>"; };
		E13142A01D801B3200C639A8 /* Assets.xcassets */ = {isa = PBXFileReference; lastKnownFileType = folder.assetcatalog; path = Assets.xcassets; sourceTree = "<group>"; };
		E13142A31D801B3200C639A8 /* Base */ = {isa = PBXFileReference; lastKnownFileType = file.storyboard; name = Base; path = Base.lproj/LaunchScreen.storyboard; sourceTree = "<group>"; };
		E13142A51D801B3200C639A8 /* Info.plist */ = {isa = PBXFileReference; lastKnownFileType = text.plist.xml; path = Info.plist; sourceTree = "<group>"; };
		E13142AA1D801B3200C639A8 /* Cuelogic-AssignmentTests.xctest */ = {isa = PBXFileReference; explicitFileType = wrapper.cfbundle; includeInIndex = 0; path = "Cuelogic-AssignmentTests.xctest"; sourceTree = BUILT_PRODUCTS_DIR; };
		E13142AE1D801B3200C639A8 /* Cuelogic_AssignmentTests.swift */ = {isa = PBXFileReference; lastKnownFileType = sourcecode.swift; path = Cuelogic_AssignmentTests.swift; sourceTree = "<group>"; };
		E13142B01D801B3200C639A8 /* Info.plist */ = {isa = PBXFileReference; lastKnownFileType = text.plist.xml; path = Info.plist; sourceTree = "<group>"; };
		E13142B51D801B3200C639A8 /* Cuelogic-AssignmentUITests.xctest */ = {isa = PBXFileReference; explicitFileType = wrapper.cfbundle; includeInIndex = 0; path = "Cuelogic-AssignmentUITests.xctest"; sourceTree = BUILT_PRODUCTS_DIR; };
		E13142B91D801B3200C639A8 /* Cuelogic_AssignmentUITests.swift */ = {isa = PBXFileReference; lastKnownFileType = sourcecode.swift; path = Cuelogic_AssignmentUITests.swift; sourceTree = "<group>"; };
		E13142BB1D801B3200C639A8 /* Info.plist */ = {isa = PBXFileReference; lastKnownFileType = text.plist.xml; path = Info.plist; sourceTree = "<group>"; };
/* End PBXFileReference section */

/* Begin PBXFrameworksBuildPhase section */
		E13142931D801B3200C639A8 /* Frameworks */ = {
			isa = PBXFrameworksBuildPhase;
			buildActionMask = 2147483647;
			files = (
			);
			runOnlyForDeploymentPostprocessing = 0;
		};
		E13142A71D801B3200C639A8 /* Frameworks */ = {
			isa = PBXFrameworksBuildPhase;
			buildActionMask = 2147483647;
			files = (
			);
			runOnlyForDeploymentPostprocessing = 0;
		};
		E13142B21D801B3200C639A8 /* Frameworks */ = {
			isa = PBXFrameworksBuildPhase;
			buildActionMask = 2147483647;
			files = (
			);
			runOnlyForDeploymentPostprocessing = 0;
		};
/* End PBXFrameworksBuildPhase section */

/* Begin PBXGroup section */
		E131428D1D801B3200C639A8 = {
			isa = PBXGroup;
			children = (
				E13142981D801B3200C639A8 /* Cuelogic-Assignment */,
				E13142AD1D801B3200C639A8 /* Cuelogic-AssignmentTests */,
				E13142B81D801B3200C639A8 /* Cuelogic-AssignmentUITests */,
				E13142971D801B3200C639A8 /* Products */,
			);
			sourceTree = "<group>";
		};
		E13142971D801B3200C639A8 /* Products */ = {
			isa = PBXGroup;
			children = (
				E13142961D801B3200C639A8 /* Cuelogic-Assignment.app */,
				E13142AA1D801B3200C639A8 /* Cuelogic-AssignmentTests.xctest */,
				E13142B51D801B3200C639A8 /* Cuelogic-AssignmentUITests.xctest */,
			);
			name = Products;
			sourceTree = "<group>";
		};
		E13142981D801B3200C639A8 /* Cuelogic-Assignment */ = {
			isa = PBXGroup;
			children = (
				E13142991D801B3200C639A8 /* AppDelegate.swift */,
				E131429B1D801B3200C639A8 /* ViewController.swift */,
				E131429D1D801B3200C639A8 /* Main.storyboard */,
				E13142A01D801B3200C639A8 /* Assets.xcassets */,
				E13142A21D801B3200C639A8 /* LaunchScreen.storyboard */,
				E13142A51D801B3200C639A8 /* Info.plist */,
			);
			path = "Cuelogic-Assignment";
			sourceTree = "<group>";
		};
		E13142AD1D801B3200C639A8 /* Cuelogic-AssignmentTests */ = {
			isa = PBXGroup;
			children = (
				E13142AE1D801B3200C639A8 /* Cuelogic_AssignmentTests.swift */,
				E13142B01D801B3200C639A8 /* Info.plist */,
			);
			path = "Cuelogic-AssignmentTests";
			sourceTree = "<group>";
		};
		E13142B81D801B3200C639A8 /* Cuelogic-AssignmentUITests */ = {
			isa = PBXGroup;
			children = (
				E13142B91D801B3200C639A8 /* Cuelogic_AssignmentUITests.swift */,
				E13142BB1D801B3200C639A8 /* Info.plist */,
			);
			path = "Cuelogic-AssignmentUITests";
			sourceTree = "<group>";
		};
/* End PBXGroup section */

/* Begin PBXNativeTarget section */
		E13142951D801B3200C639A8 /* Cuelogic-Assignment */ = {
			isa = PBXNativeTarget;
			buildConfigurationList = E13142BE1D801B3200C639A8 /* Build configuration list for PBXNativeTarget "Cuelogic-Assignment" */;
			buildPhases = (
				E13142921D801B3200C639A8 /* Sources */,
				E13142931D801B3200C639A8 /* Frameworks */,
				E13142941D801B3200C639A8 /* Resources */,
			);
			buildRules = (
			);
			dependencies = (
			);
			name = "Cuelogic-Assignment";
			productName = "Cuelogic-Assignment";
			productReference = E13142961D801B3200C639A8 /* Cuelogic-Assignment.app */;
			productType = "com.apple.product-type.application";
		};
		E13142A91D801B3200C639A8 /* Cuelogic-AssignmentTests */ = {
			isa = PBXNativeTarget;
			buildConfigurationList = E13142C11D801B3200C639A8 /* Build configuration list for PBXNativeTarget "Cuelogic-AssignmentTests" */;
			buildPhases = (
				E13142A61D801B3200C639A8 /* Sources */,
				E13142A71D801B3200C639A8 /* Frameworks */,
				E13142A81D801B3200C639A8 /* Resources */,
			);
			buildRules = (
			);
			dependencies = (
				E13142AC1D801B3200C639A8 /* PBXTargetDependency */,
			);
			name = "Cuelogic-AssignmentTests";
			productName = "Cuelogic-AssignmentTests";
			productReference = E13142AA1D801B3200C639A8 /* Cuelogic-AssignmentTests.xctest */;
			productType = "com.apple.product-type.bundle.unit-test";
		};
		E13142B41D801B3200C639A8 /* Cuelogic-AssignmentUITests */ = {
			isa = PBXNativeTarget;
			buildConfigurationList = E13142C41D801B3200C639A8 /* Build configuration list for PBXNativeTarget "Cuelogic-AssignmentUITests" */;
			buildPhases = (
				E13142B11D801B3200C639A8 /* Sources */,
				E13142B21D801B3200C639A8 /* Frameworks */,
				E13142B31D801B3200C639A8 /* Resources */,
			);
			buildRules = (
			);
			dependencies = (
				E13142B71D801B3200C639A8 /* PBXTargetDependency */,
			);
			name = "Cuelogic-AssignmentUITests";
			productName = "Cuelogic-AssignmentUITests";
			productReference = E13142B51D801B3200C639A8 /* Cuelogic-AssignmentUITests.xctest */;
			productType = "com.apple.product-type.bundle.ui-testing";
		};
/* End PBXNativeTarget section */

/* Begin PBXProject section */
		E131428E1D801B3200C639A8 /* Project object */ = {
			isa = PBXProject;
			attributes = {
				LastSwiftUpdateCheck = 0730;
				LastUpgradeCheck = 0730;
				ORGANIZATIONNAME = "Roshani Mahajan";
				TargetAttributes = {
					E13142951D801B3200C639A8 = {
						CreatedOnToolsVersion = 7.3;
					};
					E13142A91D801B3200C639A8 = {
						CreatedOnToolsVersion = 7.3;
						TestTargetID = E13142951D801B3200C639A8;
					};
					E13142B41D801B3200C639A8 = {
						CreatedOnToolsVersion = 7.3;
						TestTargetID = E13142951D801B3200C639A8;
					};
				};
			};
			buildConfigurationList = E13142911D801B3200C639A8 /* Build configuration list for PBXProject "Cuelogic-Assignment" */;
			compatibilityVersion = "Xcode 3.2";
			developmentRegion = English;
			hasScannedForEncodings = 0;
			knownRegions = (
				en,
				Base,
			);
			mainGroup = E131428D1D801B3200C639A8;
			productRefGroup = E13142971D801B3200C639A8 /* Products */;
			projectDirPath = "";
			projectRoot = "";
			targets = (
				E13142951D801B3200C639A8 /* Cuelogic-Assignment */,
				E13142A91D801B3200C639A8 /* Cuelogic-AssignmentTests */,
				E13142B41D801B3200C639A8 /* Cuelogic-AssignmentUITests */,
			);
		};
/* End PBXProject section */

/* Begin PBXResourcesBuildPhase section */
		E13142941D801B3200C639A8 /* Resources */ = {
			isa = PBXResourcesBuildPhase;
			buildActionMask = 2147483647;
			files = (
				E13142A41D801B3200C639A8 /* LaunchScreen.storyboard in Resources */,
				E13142A11D801B3200C639A8 /* Assets.xcassets in Resources */,
				E131429F1D801B3200C639A8 /* Main.storyboard in Resources */,
			);
			runOnlyForDeploymentPostprocessing = 0;
		};
		E13142A81D801B3200C639A8 /* Resources */ = {
			isa = PBXResourcesBuildPhase;
			buildActionMask = 2147483647;
			files = (
			);
			runOnlyForDeploymentPostprocessing = 0;
		};
		E13142B31D801B3200C639A8 /* Resources */ = {
			isa = PBXResourcesBuildPhase;
			buildActionMask = 2147483647;
			files = (
			);
			runOnlyForDeploymentPostprocessing = 0;
		};
/* End PBXResourcesBuildPhase section */

/* Begin PBXSourcesBuildPhase section */
		E13142921D801B3200C639A8 /* Sources */ = {
			isa = PBXSourcesBuildPhase;
			buildActionMask = 2147483647;
			files = (
				E131429C1D801B3200C639A8 /* ViewController.swift in Sources */,
				E131429A1D801B3200C639A8 /* AppDelegate.swift in Sources */,
			);
			runOnlyForDeploymentPostprocessing = 0;
		};
		E13142A61D801B3200C639A8 /* Sources */ = {
			isa = PBXSourcesBuildPhase;
			buildActionMask = 2147483647;
			files = (
				E13142AF1D801B3200C639A8 /* Cuelogic_AssignmentTests.swift in Sources */,
			);
			runOnlyForDeploymentPostprocessing = 0;
		};
		E13142B11D801B3200C639A8 /* Sources */ = {
			isa = PBXSourcesBuildPhase;
			buildActionMask = 2147483647;
			files = (
				E13142BA1D801B3200C639A8 /* Cuelogic_AssignmentUITests.swift in Sources */,
			);
			runOnlyForDeploymentPostprocessing = 0;
		};
/* End PBXSourcesBuildPhase section */

/* Begin PBXTargetDependency section */
		E13142AC1D801B3200C639A8 /* PBXTargetDependency */ = {
			isa = PBXTargetDependency;
			target = E13142951D801B3200C639A8 /* Cuelogic-Assignment */;
			targetProxy = E13142AB1D801B3200C639A8 /* PBXContainerItemProxy */;
		};
		E13142B71D801B3200C639A8 /* PBXTargetDependency */ = {
			isa = PBXTargetDependency;
			target = E13142951D801B3200C639A8 /* Cuelogic-Assignment */;
			targetProxy = E13142B61D801B3200C639A8 /* PBXContainerItemProxy */;
		};
/* End PBXTargetDependency section */

/* Begin PBXVariantGroup section */
		E131429D1D801B3200C639A8 /* Main.storyboard */ = {
			isa = PBXVariantGroup;
			children = (
				E131429E1D801B3200C639A8 /* Base */,
			);
			name = Main.storyboard;
			sourceTree = "<group>";
		};
		E13142A21D801B3200C639A8 /* LaunchScreen.storyboard */ = {
			isa = PBXVariantGroup;
			children = (
				E13142A31D801B3200C639A8 /* Base */,
			);
			name = LaunchScreen.storyboard;
			sourceTree = "<group>";
		};
/* End PBXVariantGroup section */

/* Begin XCBuildConfiguration section */
		E13142BC1D801B3200C639A8 /* Debug */ = {
			isa = XCBuildConfiguration;
			buildSettings = {
				ALWAYS_SEARCH_USER_PATHS = NO;
				CLANG_ANALYZER_NONNULL = YES;
				CLANG_CXX_LANGUAGE_STANDARD = "gnu++0x";
				CLANG_CXX_LIBRARY = "libc++";
				CLANG_ENABLE_MODULES = YES;
				CLANG_ENABLE_OBJC_ARC = YES;
				CLANG_WARN_BOOL_CONVERSION = YES;
				CLANG_WARN_CONSTANT_CONVERSION = YES;
				CLANG_WARN_DIRECT_OBJC_ISA_USAGE = YES_ERROR;
				CLANG_WARN_EMPTY_BODY = YES;
				CLANG_WARN_ENUM_CONVERSION = YES;
				CLANG_WARN_INT_CONVERSION = YES;
				CLANG_WARN_OBJC_ROOT_CLASS = YES_ERROR;
				CLANG_WARN_UNREACHABLE_CODE = YES;
				CLANG_WARN__DUPLICATE_METHOD_MATCH = YES;
				"CODE_SIGN_IDENTITY[sdk=iphoneos*]" = "iPhone Developer";
				COPY_PHASE_STRIP = NO;
				DEBUG_INFORMATION_FORMAT = dwarf;
				ENABLE_STRICT_OBJC_MSGSEND = YES;
				ENABLE_TESTABILITY = YES;
				GCC_C_LANGUAGE_STANDARD = gnu99;
				GCC_DYNAMIC_NO_PIC = NO;
				GCC_NO_COMMON_BLOCKS = YES;
				GCC_OPTIMIZATION_LEVEL = 0;
				GCC_PREPROCESSOR_DEFINITIONS = (
					"DEBUG=1",
					"$(inherited)",
				);
				GCC_WARN_64_TO_32_BIT_CONVERSION = YES;
				GCC_WARN_ABOUT_RETURN_TYPE = YES_ERROR;
				GCC_WARN_UNDECLARED_SELECTOR = YES;
				GCC_WARN_UNINITIALIZED_AUTOS = YES_AGGRESSIVE;
				GCC_WARN_UNUSED_FUNCTION = YES;
				GCC_WARN_UNUSED_VARIABLE = YES;
				IPHONEOS_DEPLOYMENT_TARGET = 9.3;
				MTL_ENABLE_DEBUG_INFO = YES;
				ONLY_ACTIVE_ARCH = YES;
				SDKROOT = iphoneos;
				SWIFT_OPTIMIZATION_LEVEL = "-Onone";
			};
			name = Debug;
		};
		E13142BD1D801B3200C639A8 /* Release */ = {
			isa = XCBuildConfiguration;
			buildSettings = {
				ALWAYS_SEARCH_USER_PATHS = NO;
				CLANG_ANALYZER_NONNULL = YES;
				CLANG_CXX_LANGUAGE_STANDARD = "gnu++0x";
				CLANG_CXX_LIBRARY = "libc++";
				CLANG_ENABLE_MODULES = YES;
				CLANG_ENABLE_OBJC_ARC = YES;
				CLANG_WARN_BOOL_CONVERSION = YES;
				CLANG_WARN_CONSTANT_CONVERSION = YES;
				CLANG_WARN_DIRECT_OBJC_ISA_USAGE = YES_ERROR;
				CLANG_WARN_EMPTY_BODY = YES;
				CLANG_WARN_ENUM_CONVERSION = YES;
				CLANG_WARN_INT_CONVERSION = YES;
				CLANG_WARN_OBJC_ROOT_CLASS = YES_ERROR;
				CLANG_WARN_UNREACHABLE_CODE = YES;
				CLANG_WARN__DUPLICATE_METHOD_MATCH = YES;
				"CODE_SIGN_IDENTITY[sdk=iphoneos*]" = "iPhone Developer";
				COPY_PHASE_STRIP = NO;
				DEBUG_INFORMATION_FORMAT = "dwarf-with-dsym";
				ENABLE_NS_ASSERTIONS = NO;
				ENABLE_STRICT_OBJC_MSGSEND = YES;
				GCC_C_LANGUAGE_STANDARD = gnu99;
				GCC_NO_COMMON_BLOCKS = YES;
				GCC_WARN_64_TO_32_BIT_CONVERSION = YES;
				GCC_WARN_ABOUT_RETURN_TYPE = YES_ERROR;
				GCC_WARN_UNDECLARED_SELECTOR = YES;
				GCC_WARN_UNINITIALIZED_AUTOS = YES_AGGRESSIVE;
				GCC_WARN_UNUSED_FUNCTION = YES;
				GCC_WARN_UNUSED_VARIABLE = YES;
				IPHONEOS_DEPLOYMENT_TARGET = 9.3;
				MTL_ENABLE_DEBUG_INFO = NO;
				SDKROOT = iphoneos;
				VALIDATE_PRODUCT = YES;
			};
			name = Release;
		};
		E13142BF1D801B3200C639A8 /* Debug */ = {
			isa = XCBuildConfiguration;
			buildSettings = {
				ASSETCATALOG_COMPILER_APPICON_NAME = AppIcon;
				INFOPLIST_FILE = "Cuelogic-Assignment/Info.plist";
				LD_RUNPATH_SEARCH_PATHS = "$(inherited) @executable_path/Frameworks";
				PRODUCT_BUNDLE_IDENTIFIER = "Roshani-Mahajan.Cuelogic-Assignment";
				PRODUCT_NAME = "$(TARGET_NAME)";
			};
			name = Debug;
		};
		E13142C01D801B3200C639A8 /* Release */ = {
			isa = XCBuildConfiguration;
			buildSettings = {
				ASSETCATALOG_COMPILER_APPICON_NAME = AppIcon;
				INFOPLIST_FILE = "Cuelogic-Assignment/Info.plist";
				LD_RUNPATH_SEARCH_PATHS = "$(inherited) @executable_path/Frameworks";
				PRODUCT_BUNDLE_IDENTIFIER = "Roshani-Mahajan.Cuelogic-Assignment";
				PRODUCT_NAME = "$(TARGET_NAME)";
			};
			name = Release;
		};
		E13142C21D801B3200C639A8 /* Debug */ = {
			isa = XCBuildConfiguration;
			buildSettings = {
				BUNDLE_LOADER = "$(TEST_HOST)";
				INFOPLIST_FILE = "Cuelogic-AssignmentTests/Info.plist";
				LD_RUNPATH_SEARCH_PATHS = "$(inherited) @executable_path/Frameworks @loader_path/Frameworks";
				PRODUCT_BUNDLE_IDENTIFIER = "Roshani-Mahajan.Cuelogic-AssignmentTests";
				PRODUCT_NAME = "$(TARGET_NAME)";
				TEST_HOST = "$(BUILT_PRODUCTS_DIR)/Cuelogic-Assignment.app/Cuelogic-Assignment";
			};
			name = Debug;
		};
		E13142C31D801B3200C639A8 /* Release */ = {
			isa = XCBuildConfiguration;
			buildSettings = {
				BUNDLE_LOADER = "$(TEST_HOST)";
				INFOPLIST_FILE = "Cuelogic-AssignmentTests/Info.plist";
				LD_RUNPATH_SEARCH_PATHS = "$(inherited) @executable_path/Frameworks @loader_path/Frameworks";
				PRODUCT_BUNDLE_IDENTIFIER = "Roshani-Mahajan.Cuelogic-AssignmentTests";
				PRODUCT_NAME = "$(TARGET_NAME)";
				TEST_HOST = "$(BUILT_PRODUCTS_DIR)/Cuelogic-Assignment.app/Cuelogic-Assignment";
			};
			name = Release;
		};
		E13142C51D801B3200C639A8 /* Debug */ = {
			isa = XCBuildConfiguration;
			buildSettings = {
				INFOPLIST_FILE = "Cuelogic-AssignmentUITests/Info.plist";
				LD_RUNPATH_SEARCH_PATHS = "$(inherited) @executable_path/Frameworks @loader_path/Frameworks";
				PRODUCT_BUNDLE_IDENTIFIER = "Roshani-Mahajan.Cuelogic-AssignmentUITests";
				PRODUCT_NAME = "$(TARGET_NAME)";
				TEST_TARGET_NAME = "Cuelogic-Assignment";
			};
			name = Debug;
		};
		E13142C61D801B3200C639A8 /* Release */ = {
			isa = XCBuildConfiguration;
			buildSettings = {
				INFOPLIST_FILE = "Cuelogic-AssignmentUITests/Info.plist";
				LD_RUNPATH_SEARCH_PATHS = "$(inherited) @executable_path/Frameworks @loader_path/Frameworks";
				PRODUCT_BUNDLE_IDENTIFIER = "Roshani-Mahajan.Cuelogic-AssignmentUITests";
				PRODUCT_NAME = "$(TARGET_NAME)";
				TEST_TARGET_NAME = "Cuelogic-Assignment";
			};
			name = Release;
		};
/* End XCBuildConfiguration section */

/* Begin XCConfigurationList section */
		E13142911D801B3200C639A8 /* Build configuration list for PBXProject "Cuelogic-Assignment" */ = {
			isa = XCConfigurationList;
			buildConfigurations = (
				E13142BC1D801B3200C639A8 /* Debug */,
				E13142BD1D801B3200C639A8 /* Release */,
			);
			defaultConfigurationIsVisible = 0;
			defaultConfigurationName = Release;
		};
		E13142BE1D801B3200C639A8 /* Build configuration list for PBXNativeTarget "Cuelogic-Assignment" */ = {
			isa = XCConfigurationList;
			buildConfigurations = (
				E13142BF1D801B3200C639A8 /* Debug */,
				E13142C01D801B3200C639A8 /* Release */,
			);
			defaultConfigurationIsVisible = 0;
		};
		E13142C11D801B3200C639A8 /* Build configuration list for PBXNativeTarget "Cuelogic-AssignmentTests" */ = {
			isa = XCConfigurationList;
			buildConfigurations = (
				E13142C21D801B3200C639A8 /* Debug */,
				E13142C31D801B3200C639A8 /* Release */,
			);
			defaultConfigurationIsVisible = 0;
		};
		E13142C41D801B3200C639A8 /* Build configuration list for PBXNativeTarget "Cuelogic-AssignmentUITests" */ = {
			isa = XCConfigurationList;
			buildConfigurations = (
				E13142C51D801B3200C639A8 /* Debug */,
				E13142C61D801B3200C639A8 /* Release */,
			);
			defaultConfigurationIsVisible = 0;
		};
/* End XCConfigurationList section */
	};
	rootObject = E131428E1D801B3200C639A8 /* Project object */;
}
